
Microsoft Visual Studio Solution File, Format Version 12.00
# Visual Studio Version 17
VisualStudioVersion = 17.4.33213.308
MinimumVisualStudioVersion = 10.0.40219.1
Project("{FAE04EC0-301F-11D3-BF4B-00C04F79EFBC}") = "HelloBots", "HelloBots\HelloBots.csproj", "{D9788535-43DF-485B-80A1-305C30BC45D9}"
EndProject
Global
	GlobalSection(SolutionConfigurationPlatforms) = preSolution
		Debug|Any CPU = Debug|Any CPU
		Release|Any CPU = Release|Any CPU
	EndGlobalSection
	GlobalSection(ProjectConfigurationPlatforms) = postSolution
		{D9788535-43DF-485B-80A1-305C30BC45D9}.Debug|Any CPU.ActiveCfg = Debug|Any CPU
		{D9788535-43DF-485B-80A1-305C30BC45D9}.Debug|Any CPU.Build.0 = Debug|Any CPU
		{D9788535-43DF-485B-80A1-305C30BC45D9}.Release|Any CPU.ActiveCfg = Release|Any CPU
		{D9788535-43DF-485B-80A1-305C30BC45D9}.Release|Any CPU.Build.0 = Release|Any CPU
	EndGlobalSection
	GlobalSection(SolutionProperties) = preSolution
		HideSolutionNode = FALSE
	EndGlobalSection
	GlobalSection(ExtensibilityGlobals) = postSolution
		SolutionGuid = {66A814AA-38AB-4E65-AEF1-B256D17712D1}
	EndGlobalSection
EndGlobal
